// !$*UTF8*$!
{
	archiveVersion = 1;
	classes = {
	};
	objectVersion = 50;
	objects = {

/* Begin PBXBuildFile section */
		FA38D3322455F7E1000CD180 /* AppDelegate.swift in Sources */ = {isa = PBXBuildFile; fileRef = FA38D3312455F7E1000CD180 /* AppDelegate.swift */; };
		FA38D3342455F7E1000CD180 /* ViewController.swift in Sources */ = {isa = PBXBuildFile; fileRef = FA38D3332455F7E1000CD180 /* ViewController.swift */; };
		FA38D3362455F7E1000CD180 /* Document.swift in Sources */ = {isa = PBXBuildFile; fileRef = FA38D3352455F7E1000CD180 /* Document.swift */; };
		FA38D3382455F7E2000CD180 /* Assets.xcassets in Resources */ = {isa = PBXBuildFile; fileRef = FA38D3372455F7E2000CD180 /* Assets.xcassets */; };
		FA38D33B2455F7E2000CD180 /* Main.storyboard in Resources */ = {isa = PBXBuildFile; fileRef = FA38D3392455F7E2000CD180 /* Main.storyboard */; };
/* End PBXBuildFile section */

/* Begin PBXFileReference section */
		FA38D32E2455F7E1000CD180 /* Project13-tc.app */ = {isa = PBXFileReference; explicitFileType = wrapper.application; includeInIndex = 0; path = "Project13-tc.app"; sourceTree = BUILT_PRODUCTS_DIR; };
		FA38D3312455F7E1000CD180 /* AppDelegate.swift */ = {isa = PBXFileReference; lastKnownFileType = sourcecode.swift; path = AppDelegate.swift; sourceTree = "<group>"; };
		FA38D3332455F7E1000CD180 /* ViewController.swift */ = {isa = PBXFileReference; lastKnownFileType = sourcecode.swift; path = ViewController.swift; sourceTree = "<group>"; };
		FA38D3352455F7E1000CD180 /* Document.swift */ = {isa = PBXFileReference; lastKnownFileType = sourcecode.swift; path = Document.swift; sourceTree = "<group>"; };
		FA38D3372455F7E2000CD180 /* Assets.xcassets */ = {isa = PBXFileReference; lastKnownFileType = folder.assetcatalog; path = Assets.xcassets; sourceTree = "<group>"; };
		FA38D33A2455F7E2000CD180 /* Base */ = {isa = PBXFileReference; lastKnownFileType = file.storyboard; name = Base; path = Base.lproj/Main.storyboard; sourceTree = "<group>"; };
		FA38D33C2455F7E2000CD180 /* Info.plist */ = {isa = PBXFileReference; lastKnownFileType = text.plist.xml; path = Info.plist; sourceTree = "<group>"; };
		FA38D33D2455F7E2000CD180 /* Project13_tc.entitlements */ = {isa = PBXFileReference; lastKnownFileType = text.plist.entitlements; path = Project13_tc.entitlements; sourceTree = "<group>"; };
/* End PBXFileReference section */

/* Begin PBXFrameworksBuildPhase section */
		FA38D32B2455F7E1000CD180 /* Frameworks */ = {
			isa = PBXFrameworksBuildPhase;
			buildActionMask = 2147483647;
			files = (
			);
			runOnlyForDeploymentPostprocessing = 0;
		};
/* End PBXFrameworksBuildPhase section */

/* Begin PBXGroup section */
		FA38D3252455F7E1000CD180 = {
			isa = PBXGroup;
			children = (
				FA38D3302455F7E1000CD180 /* Project13-tc */,
				FA38D32F2455F7E1000CD180 /* Products */,
			);
			sourceTree = "<group>";
		};
		FA38D32F2455F7E1000CD180 /* Products */ = {
			isa = PBXGroup;
			children = (
				FA38D32E2455F7E1000CD180 /* Project13-tc.app */,
			);
			name = Products;
			sourceTree = "<group>";
		};
		FA38D3302455F7E1000CD180 /* Project13-tc */ = {
			isa = PBXGroup;
			children = (
				FA38D3312455F7E1000CD180 /* AppDelegate.swift */,
				FA38D3332455F7E1000CD180 /* ViewController.swift */,
				FA38D3352455F7E1000CD180 /* Document.swift */,
				FA38D3372455F7E2000CD180 /* Assets.xcassets */,
				FA38D3392455F7E2000CD180 /* Main.storyboard */,
				FA38D33C2455F7E2000CD180 /* Info.plist */,
				FA38D33D2455F7E2000CD180 /* Project13_tc.entitlements */,
			);
			path = "Project13-tc";
			sourceTree = "<group>";
		};
/* End PBXGroup section */

/* Begin PBXNativeTarget section */
		FA38D32D2455F7E1000CD180 /* Project13-tc */ = {
			isa = PBXNativeTarget;
			buildConfigurationList = FA38D3402455F7E2000CD180 /* Build configuration list for PBXNativeTarget "Project13-tc" */;
			buildPhases = (
				FA38D32A2455F7E1000CD180 /* Sources */,
				FA38D32B2455F7E1000CD180 /* Frameworks */,
				FA38D32C2455F7E1000CD180 /* Resources */,
			);
			buildRules = (
			);
			dependencies = (
			);
			name = "Project13-tc";
			productName = "Project13-tc";
			productReference = FA38D32E2455F7E1000CD180 /* Project13-tc.app */;
			productType = "com.apple.product-type.application";
		};
/* End PBXNativeTarget section */

/* Begin PBXProject section */
		FA38D3262455F7E1000CD180 /* Project object */ = {
			isa = PBXProject;
			attributes = {
				LastSwiftUpdateCheck = 1140;
				LastUpgradeCheck = 1140;
				ORGANIZATIONNAME = "Thomas Carroll";
				TargetAttributes = {
					FA38D32D2455F7E1000CD180 = {
						CreatedOnToolsVersion = 11.4.1;
					};
				};
			};
			buildConfigurationList = FA38D3292455F7E1000CD180 /* Build configuration list for PBXProject "Project13-tc" */;
			compatibilityVersion = "Xcode 9.3";
			developmentRegion = en;
			hasScannedForEncodings = 0;
			knownRegions = (
				en,
				Base,
			);
			mainGroup = FA38D3252455F7E1000CD180;
			productRefGroup = FA38D32F2455F7E1000CD180 /* Products */;
			projectDirPath = "";
			projectRoot = "";
			targets = (
				FA38D32D2455F7E1000CD180 /* Project13-tc */,
			);
		};
/* End PBXProject section */

/* Begin PBXResourcesBuildPhase section */
		FA38D32C2455F7E1000CD180 /* Resources */ = {
			isa = PBXResourcesBuildPhase;
			buildActionMask = 2147483647;
			files = (
				FA38D3382455F7E2000CD180 /* Assets.xcassets in Resources */,
				FA38D33B2455F7E2000CD180 /* Main.storyboard in Resources */,
			);
			runOnlyForDeploymentPostprocessing = 0;
		};
/* End PBXResourcesBuildPhase section */

/* Begin PBXSourcesBuildPhase section */
		FA38D32A2455F7E1000CD180 /* Sources */ = {
			isa = PBXSourcesBuildPhase;
			buildActionMask = 2147483647;
			files = (
				FA38D3342455F7E1000CD180 /* ViewController.swift in Sources */,
				FA38D3322455F7E1000CD180 /* AppDelegate.swift in Sources */,
				FA38D3362455F7E1000CD180 /* Document.swift in Sources */,
			);
			runOnlyForDeploymentPostprocessing = 0;
		};
/* End PBXSourcesBuildPhase section */

/* Begin PBXVariantGroup section */
		FA38D3392455F7E2000CD180 /* Main.storyboard */ = {
			isa = PBXVariantGroup;
			children = (
				FA38D33A2455F7E2000CD180 /* Base */,
			);
			name = Main.storyboard;
			sourceTree = "<group>";
		};
/* End PBXVariantGroup section */

/* Begin XCBuildConfiguration section */
		FA38D33E2455F7E2000CD180 /* Debug */ = {
			isa = XCBuildConfiguration;
			buildSettings = {
				ALWAYS_SEARCH_USER_PATHS = NO;
				CLANG_ANALYZER_NONNULL = YES;
				CLANG_ANALYZER_NUMBER_OBJECT_CONVERSION = YES_AGGRESSIVE;
				CLANG_CXX_LANGUAGE_STANDARD = "gnu++14";
				CLANG_CXX_LIBRARY = "libc++";
				CLANG_ENABLE_MODULES = YES;
				CLANG_ENABLE_OBJC_ARC = YES;
				CLANG_ENABLE_OBJC_WEAK = YES;
				CLANG_WARN_BLOCK_CAPTURE_AUTORELEASING = YES;
				CLANG_WARN_BOOL_CONVERSION = YES;
				CLANG_WARN_COMMA = YES;
				CLANG_WARN_CONSTANT_CONVERSION = YES;
				CLANG_WARN_DEPRECATED_OBJC_IMPLEMENTATIONS = YES;
				CLANG_WARN_DIRECT_OBJC_ISA_USAGE = YES_ERROR;
				CLANG_WARN_DOCUMENTATION_COMMENTS = YES;
				CLANG_WARN_EMPTY_BODY = YES;
				CLANG_WARN_ENUM_CONVERSION = YES;
				CLANG_WARN_INFINITE_RECURSION = YES;
				CLANG_WARN_INT_CONVERSION = YES;
				CLANG_WARN_NON_LITERAL_NULL_CONVERSION = YES;
				CLANG_WARN_OBJC_IMPLICIT_RETAIN_SELF = YES;
				CLANG_WARN_OBJC_LITERAL_CONVERSION = YES;
				CLANG_WARN_OBJC_ROOT_CLASS = YES_ERROR;
				CLANG_WARN_RANGE_LOOP_ANALYSIS = YES;
				CLANG_WARN_STRICT_PROTOTYPES = YES;
				CLANG_WARN_SUSPICIOUS_MOVE = YES;
				CLANG_WARN_UNGUARDED_AVAILABILITY = YES_AGGRESSIVE;
				CLANG_WARN_UNREACHABLE_CODE = YES;
				CLANG_WARN__DUPLICATE_METHOD_MATCH = YES;
				COPY_PHASE_STRIP = NO;
				DEBUG_INFORMATION_FORMAT = dwarf;
				ENABLE_STRICT_OBJC_MSGSEND = YES;
				ENABLE_TESTABILITY = YES;
				GCC_C_LANGUAGE_STANDARD = gnu11;
				GCC_DYNAMIC_NO_PIC = NO;
				GCC_NO_COMMON_BLOCKS = YES;
				GCC_OPTIMIZATION_LEVEL = 0;
				GCC_PREPROCESSOR_DEFINITIONS = (
					"DEBUG=1",
					"$(inherited)",
				);
				GCC_WARN_64_TO_32_BIT_CONVERSION = YES;
				GCC_WARN_ABOUT_RETURN_TYPE = YES_ERROR;
				GCC_WARN_UNDECLARED_SELECTOR = YES;
				GCC_WARN_UNINITIALIZED_AUTOS = YES_AGGRESSIVE;
				GCC_WARN_UNUSED_FUNCTION = YES;
				GCC_WARN_UNUSED_VARIABLE = YES;
				MACOSX_DEPLOYMENT_TARGET = 10.15;
				MTL_ENABLE_DEBUG_INFO = INCLUDE_SOURCE;
				MTL_FAST_MATH = YES;
				ONLY_ACTIVE_ARCH = YES;
				SDKROOT = macosx;
				SWIFT_ACTIVE_COMPILATION_CONDITIONS = DEBUG;
				SWIFT_OPTIMIZATION_LEVEL = "-Onone";
			};
			name = Debug;
		};
		FA38D33F2455F7E2000CD180 /* Release */ = {
			isa = XCBuildConfiguration;
			buildSettings = {
				ALWAYS_SEARCH_USER_PATHS = NO;
				CLANG_ANALYZER_NONNULL = YES;
				CLANG_ANALYZER_NUMBER_OBJECT_CONVERSION = YES_AGGRESSIVE;
				CLANG_CXX_LANGUAGE_STANDARD = "gnu++14";
				CLANG_CXX_LIBRARY = "libc++";
				CLANG_ENABLE_MODULES = YES;
				CLANG_ENABLE_OBJC_ARC = YES;
				CLANG_ENABLE_OBJC_WEAK = YES;
				CLANG_WARN_BLOCK_CAPTURE_AUTORELEASING = YES;
				CLANG_WARN_BOOL_CONVERSION = YES;
				CLANG_WARN_COMMA = YES;
				CLANG_WARN_CONSTANT_CONVERSION = YES;
				CLANG_WARN_DEPRECATED_OBJC_IMPLEMENTATIONS = YES;
				CLANG_WARN_DIRECT_OBJC_ISA_USAGE = YES_ERROR;
				CLANG_WARN_DOCUMENTATION_COMMENTS = YES;
				CLANG_WARN_EMPTY_BODY = YES;
				CLANG_WARN_ENUM_CONVERSION = YES;
				CLANG_WARN_INFINITE_RECURSION = YES;
				CLANG_WARN_INT_CONVERSION = YES;
				CLANG_WARN_NON_LITERAL_NULL_CONVERSION = YES;
				CLANG_WARN_OBJC_IMPLICIT_RETAIN_SELF = YES;
				CLANG_WARN_OBJC_LITERAL_CONVERSION = YES;
				CLANG_WARN_OBJC_ROOT_CLASS = YES_ERROR;
				CLANG_WARN_RANGE_LOOP_ANALYSIS = YES;
				CLANG_WARN_STRICT_PROTOTYPES = YES;
				CLANG_WARN_SUSPICIOUS_MOVE = YES;
				CLANG_WARN_UNGUARDED_AVAILABILITY = YES_AGGRESSIVE;
				CLANG_WARN_UNREACHABLE_CODE = YES;
				CLANG_WARN__DUPLICATE_METHOD_MATCH = YES;
				COPY_PHASE_STRIP = NO;
				DEBUG_INFORMATION_FORMAT = "dwarf-with-dsym";
				ENABLE_NS_ASSERTIONS = NO;
				ENABLE_STRICT_OBJC_MSGSEND = YES;
				GCC_C_LANGUAGE_STANDARD = gnu11;
				GCC_NO_COMMON_BLOCKS = YES;
				GCC_WARN_64_TO_32_BIT_CONVERSION = YES;
				GCC_WARN_ABOUT_RETURN_TYPE = YES_ERROR;
				GCC_WARN_UNDECLARED_SELECTOR = YES;
				GCC_WARN_UNINITIALIZED_AUTOS = YES_AGGRESSIVE;
				GCC_WARN_UNUSED_FUNCTION = YES;
				GCC_WARN_UNUSED_VARIABLE = YES;
				MACOSX_DEPLOYMENT_TARGET = 10.15;
				MTL_ENABLE_DEBUG_INFO = NO;
				MTL_FAST_MATH = YES;
				SDKROOT = macosx;
				SWIFT_COMPILATION_MODE = wholemodule;
				SWIFT_OPTIMIZATION_LEVEL = "-O";
			};
			name = Release;
		};
		FA38D3412455F7E2000CD180 /* Debug */ = {
			isa = XCBuildConfiguration;
			buildSettings = {
				ASSETCATALOG_COMPILER_APPICON_NAME = AppIcon;
				CODE_SIGN_ENTITLEMENTS = "Project13-tc/Project13_tc.entitlements";
				CODE_SIGN_STYLE = Automatic;
				COMBINE_HIDPI_IMAGES = YES;
				DEVELOPMENT_TEAM = 7TBBP96QT9;
				ENABLE_HARDENED_RUNTIME = YES;
				INFOPLIST_FILE = "Project13-tc/Info.plist";
				LD_RUNPATH_SEARCH_PATHS = (
					"$(inherited)",
					"@executable_path/../Frameworks",
				);
				PRODUCT_BUNDLE_IDENTIFIER = "net.carrollweb.Project13-tc";
				PRODUCT_NAME = "$(TARGET_NAME)";
				SWIFT_VERSION = 5.0;
			};
			name = Debug;
		};
		FA38D3422455F7E2000CD180 /* Release */ = {
			isa = XCBuildConfiguration;
			buildSettings = {
				ASSETCATALOG_COMPILER_APPICON_NAME = AppIcon;
				CODE_SIGN_ENTITLEMENTS = "Project13-tc/Project13_tc.entitlements";
				CODE_SIGN_STYLE = Automatic;
				COMBINE_HIDPI_IMAGES = YES;
				DEVELOPMENT_TEAM = 7TBBP96QT9;
				ENABLE_HARDENED_RUNTIME = YES;
				INFOPLIST_FILE = "Project13-tc/Info.plist";
				LD_RUNPATH_SEARCH_PATHS = (
					"$(inherited)",
					"@executable_path/../Frameworks",
				);
				PRODUCT_BUNDLE_IDENTIFIER = "net.carrollweb.Project13-tc";
				PRODUCT_NAME = "$(TARGET_NAME)";
				SWIFT_VERSION = 5.0;
			};
			name = Release;
		};
/* End XCBuildConfiguration section */

/* Begin XCConfigurationList section */
		FA38D3292455F7E1000CD180 /* Build configuration list for PBXProject "Project13-tc" */ = {
			isa = XCConfigurationList;
			buildConfigurations = (
				FA38D33E2455F7E2000CD180 /* Debug */,
				FA38D33F2455F7E2000CD180 /* Release */,
			);
			defaultConfigurationIsVisible = 0;
			defaultConfigurationName = Release;
		};
		FA38D3402455F7E2000CD180 /* Build configuration list for PBXNativeTarget "Project13-tc" */ = {
			isa = XCConfigurationList;
			buildConfigurations = (
				FA38D3412455F7E2000CD180 /* Debug */,
				FA38D3422455F7E2000CD180 /* Release */,
			);
			defaultConfigurationIsVisible = 0;
			defaultConfigurationName = Release;
		};
/* End XCConfigurationList section */
	};
	rootObject = FA38D3262455F7E1000CD180 /* Project object */;
}
